
Microsoft Visual Studio Solution File, Format Version 12.00
# Visual Studio Version 16
VisualStudioVersion = 16.0.808.9
MinimumVisualStudioVersion = 10.0.40219.1
Project("{FAE04EC0-301F-11D3-BF4B-00C04F79EFBC}") = "ZDataProgrammingTask", "ZDataProgrammingTask\ZDataProgrammingTask.csproj", "{767ACF59-7868-4636-A5D6-9095AEEB69A6}"
EndProject
Global
	GlobalSection(SolutionConfigurationPlatforms) = preSolution
		Debug|Any CPU = Debug|Any CPU
		Release|Any CPU = Release|Any CPU
	EndGlobalSection
	GlobalSection(ProjectConfigurationPlatforms) = postSolution
		{767ACF59-7868-4636-A5D6-9095AEEB69A6}.Debug|Any CPU.ActiveCfg = Debug|Any CPU
		{767ACF59-7868-4636-A5D6-9095AEEB69A6}.Debug|Any CPU.Build.0 = Debug|Any CPU
		{767ACF59-7868-4636-A5D6-9095AEEB69A6}.Release|Any CPU.ActiveCfg = Release|Any CPU
		{767ACF59-7868-4636-A5D6-9095AEEB69A6}.Release|Any CPU.Build.0 = Release|Any CPU
	EndGlobalSection
	GlobalSection(SolutionProperties) = preSolution
		HideSolutionNode = FALSE
	EndGlobalSection
	GlobalSection(ExtensibilityGlobals) = postSolution
		SolutionGuid = {97D695A5-7654-4168-B851-D8FA844C893B}
	EndGlobalSection
EndGlobal
